// !$*UTF8*$!
{
	archiveVersion = 1;
	classes = {
	};
	objectVersion = 56;
	objects = {

/* Begin PBXBuildFile section */
		A93C39EB2BAAF4F00043F581 /* DetayliGorunumlerApp.swift in Sources */ = {isa = PBXBuildFile; fileRef = A93C39EA2BAAF4F00043F581 /* DetayliGorunumlerApp.swift */; };
		A93C39ED2BAAF4F00043F581 /* ContentView.swift in Sources */ = {isa = PBXBuildFile; fileRef = A93C39EC2BAAF4F00043F581 /* ContentView.swift */; };
		A93C39EF2BAAF4F20043F581 /* Assets.xcassets in Resources */ = {isa = PBXBuildFile; fileRef = A93C39EE2BAAF4F20043F581 /* Assets.xcassets */; };
		A93C39F22BAAF4F20043F581 /* Preview Assets.xcassets in Resources */ = {isa = PBXBuildFile; fileRef = A93C39F12BAAF4F20043F581 /* Preview Assets.xcassets */; };
		A93C39F92BAB068A0043F581 /* OzelGorselView.swift in Sources */ = {isa = PBXBuildFile; fileRef = A93C39F82BAB068A0043F581 /* OzelGorselView.swift */; };
		A9F547A72BAD6FE4001BF45E /* ButtonIkinciGorunum.swift in Sources */ = {isa = PBXBuildFile; fileRef = A9F547A62BAD6FE4001BF45E /* ButtonIkinciGorunum.swift */; };
/* End PBXBuildFile section */

/* Begin PBXFileReference section */
		A93C39E72BAAF4F00043F581 /* DetayliGorunumler.app */ = {isa = PBXFileReference; explicitFileType = wrapper.application; includeInIndex = 0; path = DetayliGorunumler.app; sourceTree = BUILT_PRODUCTS_DIR; };
		A93C39EA2BAAF4F00043F581 /* DetayliGorunumlerApp.swift */ = {isa = PBXFileReference; lastKnownFileType = sourcecode.swift; path = DetayliGorunumlerApp.swift; sourceTree = "<group>"; };
		A93C39EC2BAAF4F00043F581 /* ContentView.swift */ = {isa = PBXFileReference; lastKnownFileType = sourcecode.swift; path = ContentView.swift; sourceTree = "<group>"; };
		A93C39EE2BAAF4F20043F581 /* Assets.xcassets */ = {isa = PBXFileReference; lastKnownFileType = folder.assetcatalog; path = Assets.xcassets; sourceTree = "<group>"; };
		A93C39F12BAAF4F20043F581 /* Preview Assets.xcassets */ = {isa = PBXFileReference; lastKnownFileType = folder.assetcatalog; path = "Preview Assets.xcassets"; sourceTree = "<group>"; };
		A93C39F82BAB068A0043F581 /* OzelGorselView.swift */ = {isa = PBXFileReference; lastKnownFileType = sourcecode.swift; path = OzelGorselView.swift; sourceTree = "<group>"; };
		A9F547A62BAD6FE4001BF45E /* ButtonIkinciGorunum.swift */ = {isa = PBXFileReference; lastKnownFileType = sourcecode.swift; path = ButtonIkinciGorunum.swift; sourceTree = "<group>"; };
/* End PBXFileReference section */

/* Begin PBXFrameworksBuildPhase section */
		A93C39E42BAAF4F00043F581 /* Frameworks */ = {
			isa = PBXFrameworksBuildPhase;
			buildActionMask = 2147483647;
			files = (
			);
			runOnlyForDeploymentPostprocessing = 0;
		};
/* End PBXFrameworksBuildPhase section */

/* Begin PBXGroup section */
		A93C39DE2BAAF4EF0043F581 = {
			isa = PBXGroup;
			children = (
				A93C39E92BAAF4F00043F581 /* DetayliGorunumler */,
				A93C39E82BAAF4F00043F581 /* Products */,
			);
			sourceTree = "<group>";
		};
		A93C39E82BAAF4F00043F581 /* Products */ = {
			isa = PBXGroup;
			children = (
				A93C39E72BAAF4F00043F581 /* DetayliGorunumler.app */,
			);
			name = Products;
			sourceTree = "<group>";
		};
		A93C39E92BAAF4F00043F581 /* DetayliGorunumler */ = {
			isa = PBXGroup;
			children = (
				A93C39EA2BAAF4F00043F581 /* DetayliGorunumlerApp.swift */,
				A93C39EC2BAAF4F00043F581 /* ContentView.swift */,
				A93C39EE2BAAF4F20043F581 /* Assets.xcassets */,
				A93C39F02BAAF4F20043F581 /* Preview Content */,
				A93C39F82BAB068A0043F581 /* OzelGorselView.swift */,
				A9F547A62BAD6FE4001BF45E /* ButtonIkinciGorunum.swift */,
			);
			path = DetayliGorunumler;
			sourceTree = "<group>";
		};
		A93C39F02BAAF4F20043F581 /* Preview Content */ = {
			isa = PBXGroup;
			children = (
				A93C39F12BAAF4F20043F581 /* Preview Assets.xcassets */,
			);
			path = "Preview Content";
			sourceTree = "<group>";
		};
/* End PBXGroup section */

/* Begin PBXNativeTarget section */
		A93C39E62BAAF4F00043F581 /* DetayliGorunumler */ = {
			isa = PBXNativeTarget;
			buildConfigurationList = A93C39F52BAAF4F20043F581 /* Build configuration list for PBXNativeTarget "DetayliGorunumler" */;
			buildPhases = (
				A93C39E32BAAF4F00043F581 /* Sources */,
				A93C39E42BAAF4F00043F581 /* Frameworks */,
				A93C39E52BAAF4F00043F581 /* Resources */,
			);
			buildRules = (
			);
			dependencies = (
			);
			name = DetayliGorunumler;
			productName = DetayliGorunumler;
			productReference = A93C39E72BAAF4F00043F581 /* DetayliGorunumler.app */;
			productType = "com.apple.product-type.application";
		};
/* End PBXNativeTarget section */

/* Begin PBXProject section */
		A93C39DF2BAAF4EF0043F581 /* Project object */ = {
			isa = PBXProject;
			attributes = {
				BuildIndependentTargetsInParallel = 1;
				LastSwiftUpdateCheck = 1520;
				LastUpgradeCheck = 1520;
				TargetAttributes = {
					A93C39E62BAAF4F00043F581 = {
						CreatedOnToolsVersion = 15.2;
					};
				};
			};
			buildConfigurationList = A93C39E22BAAF4EF0043F581 /* Build configuration list for PBXProject "DetayliGorunumler" */;
			compatibilityVersion = "Xcode 14.0";
			developmentRegion = en;
			hasScannedForEncodings = 0;
			knownRegions = (
				en,
				Base,
			);
			mainGroup = A93C39DE2BAAF4EF0043F581;
			productRefGroup = A93C39E82BAAF4F00043F581 /* Products */;
			projectDirPath = "";
			projectRoot = "";
			targets = (
				A93C39E62BAAF4F00043F581 /* DetayliGorunumler */,
			);
		};
/* End PBXProject section */

/* Begin PBXResourcesBuildPhase section */
		A93C39E52BAAF4F00043F581 /* Resources */ = {
			isa = PBXResourcesBuildPhase;
			buildActionMask = 2147483647;
			files = (
				A93C39F22BAAF4F20043F581 /* Preview Assets.xcassets in Resources */,
				A93C39EF2BAAF4F20043F581 /* Assets.xcassets in Resources */,
			);
			runOnlyForDeploymentPostprocessing = 0;
		};
/* End PBXResourcesBuildPhase section */

/* Begin PBXSourcesBuildPhase section */
		A93C39E32BAAF4F00043F581 /* Sources */ = {
			isa = PBXSourcesBuildPhase;
			buildActionMask = 2147483647;
			files = (
				A9F547A72BAD6FE4001BF45E /* ButtonIkinciGorunum.swift in Sources */,
				A93C39F92BAB068A0043F581 /* OzelGorselView.swift in Sources */,
				A93C39ED2BAAF4F00043F581 /* ContentView.swift in Sources */,
				A93C39EB2BAAF4F00043F581 /* DetayliGorunumlerApp.swift in Sources */,
			);
			runOnlyForDeploymentPostprocessing = 0;
		};
/* End PBXSourcesBuildPhase section */

/* Begin XCBuildConfiguration section */
		A93C39F32BAAF4F20043F581 /* Debug */ = {
			isa = XCBuildConfiguration;
			buildSettings = {
				ALWAYS_SEARCH_USER_PATHS = NO;
				ASSETCATALOG_COMPILER_GENERATE_SWIFT_ASSET_SYMBOL_EXTENSIONS = YES;
				CLANG_ANALYZER_NONNULL = YES;
				CLANG_ANALYZER_NUMBER_OBJECT_CONVERSION = YES_AGGRESSIVE;
				CLANG_CXX_LANGUAGE_STANDARD = "gnu++20";
				CLANG_ENABLE_MODULES = YES;
				CLANG_ENABLE_OBJC_ARC = YES;
				CLANG_ENABLE_OBJC_WEAK = YES;
				CLANG_WARN_BLOCK_CAPTURE_AUTORELEASING = YES;
				CLANG_WARN_BOOL_CONVERSION = YES;
				CLANG_WARN_COMMA = YES;
				CLANG_WARN_CONSTANT_CONVERSION = YES;
				CLANG_WARN_DEPRECATED_OBJC_IMPLEMENTATIONS = YES;
				CLANG_WARN_DIRECT_OBJC_ISA_USAGE = YES_ERROR;
				CLANG_WARN_DOCUMENTATION_COMMENTS = YES;
				CLANG_WARN_EMPTY_BODY = YES;
				CLANG_WARN_ENUM_CONVERSION = YES;
				CLANG_WARN_INFINITE_RECURSION = YES;
				CLANG_WARN_INT_CONVERSION = YES;
				CLANG_WARN_NON_LITERAL_NULL_CONVERSION = YES;
				CLANG_WARN_OBJC_IMPLICIT_RETAIN_SELF = YES;
				CLANG_WARN_OBJC_LITERAL_CONVERSION = YES;
				CLANG_WARN_OBJC_ROOT_CLASS = YES_ERROR;
				CLANG_WARN_QUOTED_INCLUDE_IN_FRAMEWORK_HEADER = YES;
				CLANG_WARN_RANGE_LOOP_ANALYSIS = YES;
				CLANG_WARN_STRICT_PROTOTYPES = YES;
				CLANG_WARN_SUSPICIOUS_MOVE = YES;
				CLANG_WARN_UNGUARDED_AVAILABILITY = YES_AGGRESSIVE;
				CLANG_WARN_UNREACHABLE_CODE = YES;
				CLANG_WARN__DUPLICATE_METHOD_MATCH = YES;
				COPY_PHASE_STRIP = NO;
				DEBUG_INFORMATION_FORMAT = dwarf;
				ENABLE_STRICT_OBJC_MSGSEND = YES;
				ENABLE_TESTABILITY = YES;
				ENABLE_USER_SCRIPT_SANDBOXING = YES;
				GCC_C_LANGUAGE_STANDARD = gnu17;
				GCC_DYNAMIC_NO_PIC = NO;
				GCC_NO_COMMON_BLOCKS = YES;
				GCC_OPTIMIZATION_LEVEL = 0;
				GCC_PREPROCESSOR_DEFINITIONS = (
					"DEBUG=1",
					"$(inherited)",
				);
				GCC_WARN_64_TO_32_BIT_CONVERSION = YES;
				GCC_WARN_ABOUT_RETURN_TYPE = YES_ERROR;
				GCC_WARN_UNDECLARED_SELECTOR = YES;
				GCC_WARN_UNINITIALIZED_AUTOS = YES_AGGRESSIVE;
				GCC_WARN_UNUSED_FUNCTION = YES;
				GCC_WARN_UNUSED_VARIABLE = YES;
				IPHONEOS_DEPLOYMENT_TARGET = 17.2;
				LOCALIZATION_PREFERS_STRING_CATALOGS = YES;
				MTL_ENABLE_DEBUG_INFO = INCLUDE_SOURCE;
				MTL_FAST_MATH = YES;
				ONLY_ACTIVE_ARCH = YES;
				SDKROOT = iphoneos;
				SWIFT_ACTIVE_COMPILATION_CONDITIONS = "DEBUG $(inherited)";
				SWIFT_OPTIMIZATION_LEVEL = "-Onone";
			};
			name = Debug;
		};
		A93C39F42BAAF4F20043F581 /* Release */ = {
			isa = XCBuildConfiguration;
			buildSettings = {
				ALWAYS_SEARCH_USER_PATHS = NO;
				ASSETCATALOG_COMPILER_GENERATE_SWIFT_ASSET_SYMBOL_EXTENSIONS = YES;
				CLANG_ANALYZER_NONNULL = YES;
				CLANG_ANALYZER_NUMBER_OBJECT_CONVERSION = YES_AGGRESSIVE;
				CLANG_CXX_LANGUAGE_STANDARD = "gnu++20";
				CLANG_ENABLE_MODULES = YES;
				CLANG_ENABLE_OBJC_ARC = YES;
				CLANG_ENABLE_OBJC_WEAK = YES;
				CLANG_WARN_BLOCK_CAPTURE_AUTORELEASING = YES;
				CLANG_WARN_BOOL_CONVERSION = YES;
				CLANG_WARN_COMMA = YES;
				CLANG_WARN_CONSTANT_CONVERSION = YES;
				CLANG_WARN_DEPRECATED_OBJC_IMPLEMENTATIONS = YES;
				CLANG_WARN_DIRECT_OBJC_ISA_USAGE = YES_ERROR;
				CLANG_WARN_DOCUMENTATION_COMMENTS = YES;
				CLANG_WARN_EMPTY_BODY = YES;
				CLANG_WARN_ENUM_CONVERSION = YES;
				CLANG_WARN_INFINITE_RECURSION = YES;
				CLANG_WARN_INT_CONVERSION = YES;
				CLANG_WARN_NON_LITERAL_NULL_CONVERSION = YES;
				CLANG_WARN_OBJC_IMPLICIT_RETAIN_SELF = YES;
				CLANG_WARN_OBJC_LITERAL_CONVERSION = YES;
				CLANG_WARN_OBJC_ROOT_CLASS = YES_ERROR;
				CLANG_WARN_QUOTED_INCLUDE_IN_FRAMEWORK_HEADER = YES;
				CLANG_WARN_RANGE_LOOP_ANALYSIS = YES;
				CLANG_WARN_STRICT_PROTOTYPES = YES;
				CLANG_WARN_SUSPICIOUS_MOVE = YES;
				CLANG_WARN_UNGUARDED_AVAILABILITY = YES_AGGRESSIVE;
				CLANG_WARN_UNREACHABLE_CODE = YES;
				CLANG_WARN__DUPLICATE_METHOD_MATCH = YES;
				COPY_PHASE_STRIP = NO;
				DEBUG_INFORMATION_FORMAT = "dwarf-with-dsym";
				ENABLE_NS_ASSERTIONS = NO;
				ENABLE_STRICT_OBJC_MSGSEND = YES;
				ENABLE_USER_SCRIPT_SANDBOXING = YES;
				GCC_C_LANGUAGE_STANDARD = gnu17;
				GCC_NO_COMMON_BLOCKS = YES;
				GCC_WARN_64_TO_32_BIT_CONVERSION = YES;
				GCC_WARN_ABOUT_RETURN_TYPE = YES_ERROR;
				GCC_WARN_UNDECLARED_SELECTOR = YES;
				GCC_WARN_UNINITIALIZED_AUTOS = YES_AGGRESSIVE;
				GCC_WARN_UNUSED_FUNCTION = YES;
				GCC_WARN_UNUSED_VARIABLE = YES;
				IPHONEOS_DEPLOYMENT_TARGET = 17.2;
				LOCALIZATION_PREFERS_STRING_CATALOGS = YES;
				MTL_ENABLE_DEBUG_INFO = NO;
				MTL_FAST_MATH = YES;
				SDKROOT = iphoneos;
				SWIFT_COMPILATION_MODE = wholemodule;
				VALIDATE_PRODUCT = YES;
			};
			name = Release;
		};
		A93C39F62BAAF4F20043F581 /* Debug */ = {
			isa = XCBuildConfiguration;
			buildSettings = {
				ASSETCATALOG_COMPILER_APPICON_NAME = AppIcon;
				ASSETCATALOG_COMPILER_GLOBAL_ACCENT_COLOR_NAME = AccentColor;
				CODE_SIGN_STYLE = Automatic;
				CURRENT_PROJECT_VERSION = 1;
				DEVELOPMENT_ASSET_PATHS = "\"DetayliGorunumler/Preview Content\"";
				DEVELOPMENT_TEAM = 992MR6GDH5;
				ENABLE_PREVIEWS = YES;
				GENERATE_INFOPLIST_FILE = YES;
				INFOPLIST_KEY_UIApplicationSceneManifest_Generation = YES;
				INFOPLIST_KEY_UIApplicationSupportsIndirectInputEvents = YES;
				INFOPLIST_KEY_UILaunchScreen_Generation = YES;
				INFOPLIST_KEY_UISupportedInterfaceOrientations_iPad = "UIInterfaceOrientationPortrait UIInterfaceOrientationPortraitUpsideDown UIInterfaceOrientationLandscapeLeft UIInterfaceOrientationLandscapeRight";
				INFOPLIST_KEY_UISupportedInterfaceOrientations_iPhone = "UIInterfaceOrientationPortrait UIInterfaceOrientationLandscapeLeft UIInterfaceOrientationLandscapeRight";
				LD_RUNPATH_SEARCH_PATHS = (
					"$(inherited)",
					"@executable_path/Frameworks",
				);
				MARKETING_VERSION = 1.0;
				PRODUCT_BUNDLE_IDENTIFIER = com.sevvalmertoglu.DetayliGorunumler;
				PRODUCT_NAME = "$(TARGET_NAME)";
				SWIFT_EMIT_LOC_STRINGS = YES;
				SWIFT_VERSION = 5.0;
				TARGETED_DEVICE_FAMILY = "1,2";
			};
			name = Debug;
		};
		A93C39F72BAAF4F20043F581 /* Release */ = {
			isa = XCBuildConfiguration;
			buildSettings = {
				ASSETCATALOG_COMPILER_APPICON_NAME = AppIcon;
				ASSETCATALOG_COMPILER_GLOBAL_ACCENT_COLOR_NAME = AccentColor;
				CODE_SIGN_STYLE = Automatic;
				CURRENT_PROJECT_VERSION = 1;
				DEVELOPMENT_ASSET_PATHS = "\"DetayliGorunumler/Preview Content\"";
				DEVELOPMENT_TEAM = 992MR6GDH5;
				ENABLE_PREVIEWS = YES;
				GENERATE_INFOPLIST_FILE = YES;
				INFOPLIST_KEY_UIApplicationSceneManifest_Generation = YES;
				INFOPLIST_KEY_UIApplicationSupportsIndirectInputEvents = YES;
				INFOPLIST_KEY_UILaunchScreen_Generation = YES;
				INFOPLIST_KEY_UISupportedInterfaceOrientations_iPad = "UIInterfaceOrientationPortrait UIInterfaceOrientationPortraitUpsideDown UIInterfaceOrientationLandscapeLeft UIInterfaceOrientationLandscapeRight";
				INFOPLIST_KEY_UISupportedInterfaceOrientations_iPhone = "UIInterfaceOrientationPortrait UIInterfaceOrientationLandscapeLeft UIInterfaceOrientationLandscapeRight";
				LD_RUNPATH_SEARCH_PATHS = (
					"$(inherited)",
					"@executable_path/Frameworks",
				);
				MARKETING_VERSION = 1.0;
				PRODUCT_BUNDLE_IDENTIFIER = com.sevvalmertoglu.DetayliGorunumler;
				PRODUCT_NAME = "$(TARGET_NAME)";
				SWIFT_EMIT_LOC_STRINGS = YES;
				SWIFT_VERSION = 5.0;
				TARGETED_DEVICE_FAMILY = "1,2";
			};
			name = Release;
		};
/* End XCBuildConfiguration section */

/* Begin XCConfigurationList section */
		A93C39E22BAAF4EF0043F581 /* Build configuration list for PBXProject "DetayliGorunumler" */ = {
			isa = XCConfigurationList;
			buildConfigurations = (
				A93C39F32BAAF4F20043F581 /* Debug */,
				A93C39F42BAAF4F20043F581 /* Release */,
			);
			defaultConfigurationIsVisible = 0;
			defaultConfigurationName = Release;
		};
		A93C39F52BAAF4F20043F581 /* Build configuration list for PBXNativeTarget "DetayliGorunumler" */ = {
			isa = XCConfigurationList;
			buildConfigurations = (
				A93C39F62BAAF4F20043F581 /* Debug */,
				A93C39F72BAAF4F20043F581 /* Release */,
			);
			defaultConfigurationIsVisible = 0;
			defaultConfigurationName = Release;
		};
/* End XCConfigurationList section */
	};
	rootObject = A93C39DF2BAAF4EF0043F581 /* Project object */;
}
